// !$*UTF8*$!
{
	archiveVersion = 1;
	classes = {
	};
	objectVersion = 50;
	objects = {

/* Begin PBXBuildFile section */
		671AF5CF25C40598009462D9 /* AppDelegate.m in Sources */ = {isa = PBXBuildFile; fileRef = 671AF5CE25C40598009462D9 /* AppDelegate.m */; };
		671AF5D525C40598009462D9 /* ViewController.m in Sources */ = {isa = PBXBuildFile; fileRef = 671AF5D425C40598009462D9 /* ViewController.m */; };
		671AF5D825C40598009462D9 /* Main.storyboard in Resources */ = {isa = PBXBuildFile; fileRef = 671AF5D625C40598009462D9 /* Main.storyboard */; };
		671AF5DA25C4059A009462D9 /* Assets.xcassets in Resources */ = {isa = PBXBuildFile; fileRef = 671AF5D925C4059A009462D9 /* Assets.xcassets */; };
		671AF5DD25C4059A009462D9 /* LaunchScreen.storyboard in Resources */ = {isa = PBXBuildFile; fileRef = 671AF5DB25C4059A009462D9 /* LaunchScreen.storyboard */; };
		671AF5E025C4059A009462D9 /* main.m in Sources */ = {isa = PBXBuildFile; fileRef = 671AF5DF25C4059A009462D9 /* main.m */; };
		671AF5EA25C4059A009462D9 /* TraingleDemoTests.m in Sources */ = {isa = PBXBuildFile; fileRef = 671AF5E925C4059A009462D9 /* TraingleDemoTests.m */; };
		671AF5F525C4059A009462D9 /* TraingleDemoUITests.m in Sources */ = {isa = PBXBuildFile; fileRef = 671AF5F425C4059A009462D9 /* TraingleDemoUITests.m */; };
		671AF61E25C5A8A0009462D9 /* OpenGLViewController.m in Sources */ = {isa = PBXBuildFile; fileRef = 671AF61D25C5A8A0009462D9 /* OpenGLViewController.m */; };
/* End PBXBuildFile section */

/* Begin PBXContainerItemProxy section */
		671AF5E625C4059A009462D9 /* PBXContainerItemProxy */ = {
			isa = PBXContainerItemProxy;
			containerPortal = 671AF5C225C40598009462D9 /* Project object */;
			proxyType = 1;
			remoteGlobalIDString = 671AF5C925C40598009462D9;
			remoteInfo = TraingleDemo;
		};
		671AF5F125C4059A009462D9 /* PBXContainerItemProxy */ = {
			isa = PBXContainerItemProxy;
			containerPortal = 671AF5C225C40598009462D9 /* Project object */;
			proxyType = 1;
			remoteGlobalIDString = 671AF5C925C40598009462D9;
			remoteInfo = TraingleDemo;
		};
/* End PBXContainerItemProxy section */

/* Begin PBXFileReference section */
		671AF5CA25C40598009462D9 /* TraingleDemo.app */ = {isa = PBXFileReference; explicitFileType = wrapper.application; includeInIndex = 0; path = TraingleDemo.app; sourceTree = BUILT_PRODUCTS_DIR; };
		671AF5CD25C40598009462D9 /* AppDelegate.h */ = {isa = PBXFileReference; lastKnownFileType = sourcecode.c.h; path = AppDelegate.h; sourceTree = "<group>"; };
		671AF5CE25C40598009462D9 /* AppDelegate.m */ = {isa = PBXFileReference; lastKnownFileType = sourcecode.c.objc; path = AppDelegate.m; sourceTree = "<group>"; };
		671AF5D325C40598009462D9 /* ViewController.h */ = {isa = PBXFileReference; lastKnownFileType = sourcecode.c.h; path = ViewController.h; sourceTree = "<group>"; };
		671AF5D425C40598009462D9 /* ViewController.m */ = {isa = PBXFileReference; lastKnownFileType = sourcecode.c.objc; path = ViewController.m; sourceTree = "<group>"; };
		671AF5D725C40598009462D9 /* Base */ = {isa = PBXFileReference; lastKnownFileType = file.storyboard; name = Base; path = Base.lproj/Main.storyboard; sourceTree = "<group>"; };
		671AF5D925C4059A009462D9 /* Assets.xcassets */ = {isa = PBXFileReference; lastKnownFileType = folder.assetcatalog; path = Assets.xcassets; sourceTree = "<group>"; };
		671AF5DC25C4059A009462D9 /* Base */ = {isa = PBXFileReference; lastKnownFileType = file.storyboard; name = Base; path = Base.lproj/LaunchScreen.storyboard; sourceTree = "<group>"; };
		671AF5DE25C4059A009462D9 /* Info.plist */ = {isa = PBXFileReference; lastKnownFileType = text.plist.xml; path = Info.plist; sourceTree = "<group>"; };
		671AF5DF25C4059A009462D9 /* main.m */ = {isa = PBXFileReference; lastKnownFileType = sourcecode.c.objc; path = main.m; sourceTree = "<group>"; };
		671AF5E525C4059A009462D9 /* TraingleDemoTests.xctest */ = {isa = PBXFileReference; explicitFileType = wrapper.cfbundle; includeInIndex = 0; path = TraingleDemoTests.xctest; sourceTree = BUILT_PRODUCTS_DIR; };
		671AF5E925C4059A009462D9 /* TraingleDemoTests.m */ = {isa = PBXFileReference; lastKnownFileType = sourcecode.c.objc; path = TraingleDemoTests.m; sourceTree = "<group>"; };
		671AF5EB25C4059A009462D9 /* Info.plist */ = {isa = PBXFileReference; lastKnownFileType = text.plist.xml; path = Info.plist; sourceTree = "<group>"; };
		671AF5F025C4059A009462D9 /* TraingleDemoUITests.xctest */ = {isa = PBXFileReference; explicitFileType = wrapper.cfbundle; includeInIndex = 0; path = TraingleDemoUITests.xctest; sourceTree = BUILT_PRODUCTS_DIR; };
		671AF5F425C4059A009462D9 /* TraingleDemoUITests.m */ = {isa = PBXFileReference; lastKnownFileType = sourcecode.c.objc; path = TraingleDemoUITests.m; sourceTree = "<group>"; };
		671AF5F625C4059A009462D9 /* Info.plist */ = {isa = PBXFileReference; lastKnownFileType = text.plist.xml; path = Info.plist; sourceTree = "<group>"; };
		671AF61C25C5A8A0009462D9 /* OpenGLViewController.h */ = {isa = PBXFileReference; lastKnownFileType = sourcecode.c.h; path = OpenGLViewController.h; sourceTree = "<group>"; };
		671AF61D25C5A8A0009462D9 /* OpenGLViewController.m */ = {isa = PBXFileReference; lastKnownFileType = sourcecode.c.objc; path = OpenGLViewController.m; sourceTree = "<group>"; };
/* End PBXFileReference section */

/* Begin PBXFrameworksBuildPhase section */
		671AF5C725C40598009462D9 /* Frameworks */ = {
			isa = PBXFrameworksBuildPhase;
			buildActionMask = 2147483647;
			files = (
			);
			runOnlyForDeploymentPostprocessing = 0;
		};
		671AF5E225C4059A009462D9 /* Frameworks */ = {
			isa = PBXFrameworksBuildPhase;
			buildActionMask = 2147483647;
			files = (
			);
			runOnlyForDeploymentPostprocessing = 0;
		};
		671AF5ED25C4059A009462D9 /* Frameworks */ = {
			isa = PBXFrameworksBuildPhase;
			buildActionMask = 2147483647;
			files = (
			);
			runOnlyForDeploymentPostprocessing = 0;
		};
/* End PBXFrameworksBuildPhase section */

/* Begin PBXGroup section */
		671AF5C125C40598009462D9 = {
			isa = PBXGroup;
			children = (
				671AF5CC25C40598009462D9 /* TraingleDemo */,
				671AF5E825C4059A009462D9 /* TraingleDemoTests */,
				671AF5F325C4059A009462D9 /* TraingleDemoUITests */,
				671AF5CB25C40598009462D9 /* Products */,
			);
			sourceTree = "<group>";
		};
		671AF5CB25C40598009462D9 /* Products */ = {
			isa = PBXGroup;
			children = (
				671AF5CA25C40598009462D9 /* TraingleDemo.app */,
				671AF5E525C4059A009462D9 /* TraingleDemoTests.xctest */,
				671AF5F025C4059A009462D9 /* TraingleDemoUITests.xctest */,
			);
			name = Products;
			sourceTree = "<group>";
		};
		671AF5CC25C40598009462D9 /* TraingleDemo */ = {
			isa = PBXGroup;
			children = (
				671AF5CD25C40598009462D9 /* AppDelegate.h */,
				671AF5CE25C40598009462D9 /* AppDelegate.m */,
				671AF5D325C40598009462D9 /* ViewController.h */,
				671AF5D425C40598009462D9 /* ViewController.m */,
				671AF5D625C40598009462D9 /* Main.storyboard */,
				671AF5D925C4059A009462D9 /* Assets.xcassets */,
				671AF5DB25C4059A009462D9 /* LaunchScreen.storyboard */,
				671AF5DE25C4059A009462D9 /* Info.plist */,
				671AF5DF25C4059A009462D9 /* main.m */,
				671AF61C25C5A8A0009462D9 /* OpenGLViewController.h */,
				671AF61D25C5A8A0009462D9 /* OpenGLViewController.m */,
			);
			path = TraingleDemo;
			sourceTree = "<group>";
		};
		671AF5E825C4059A009462D9 /* TraingleDemoTests */ = {
			isa = PBXGroup;
			children = (
				671AF5E925C4059A009462D9 /* TraingleDemoTests.m */,
				671AF5EB25C4059A009462D9 /* Info.plist */,
			);
			path = TraingleDemoTests;
			sourceTree = "<group>";
		};
		671AF5F325C4059A009462D9 /* TraingleDemoUITests */ = {
			isa = PBXGroup;
			children = (
				671AF5F425C4059A009462D9 /* TraingleDemoUITests.m */,
				671AF5F625C4059A009462D9 /* Info.plist */,
			);
			path = TraingleDemoUITests;
			sourceTree = "<group>";
		};
/* End PBXGroup section */

/* Begin PBXNativeTarget section */
		671AF5C925C40598009462D9 /* TraingleDemo */ = {
			isa = PBXNativeTarget;
			buildConfigurationList = 671AF5F925C4059A009462D9 /* Build configuration list for PBXNativeTarget "TraingleDemo" */;
			buildPhases = (
				671AF5C625C40598009462D9 /* Sources */,
				671AF5C725C40598009462D9 /* Frameworks */,
				671AF5C825C40598009462D9 /* Resources */,
			);
			buildRules = (
			);
			dependencies = (
			);
			name = TraingleDemo;
			productName = TraingleDemo;
			productReference = 671AF5CA25C40598009462D9 /* TraingleDemo.app */;
			productType = "com.apple.product-type.application";
		};
		671AF5E425C4059A009462D9 /* TraingleDemoTests */ = {
			isa = PBXNativeTarget;
			buildConfigurationList = 671AF5FC25C4059A009462D9 /* Build configuration list for PBXNativeTarget "TraingleDemoTests" */;
			buildPhases = (
				671AF5E125C4059A009462D9 /* Sources */,
				671AF5E225C4059A009462D9 /* Frameworks */,
				671AF5E325C4059A009462D9 /* Resources */,
			);
			buildRules = (
			);
			dependencies = (
				671AF5E725C4059A009462D9 /* PBXTargetDependency */,
			);
			name = TraingleDemoTests;
			productName = TraingleDemoTests;
			productReference = 671AF5E525C4059A009462D9 /* TraingleDemoTests.xctest */;
			productType = "com.apple.product-type.bundle.unit-test";
		};
		671AF5EF25C4059A009462D9 /* TraingleDemoUITests */ = {
			isa = PBXNativeTarget;
			buildConfigurationList = 671AF5FF25C4059A009462D9 /* Build configuration list for PBXNativeTarget "TraingleDemoUITests" */;
			buildPhases = (
				671AF5EC25C4059A009462D9 /* Sources */,
				671AF5ED25C4059A009462D9 /* Frameworks */,
				671AF5EE25C4059A009462D9 /* Resources */,
			);
			buildRules = (
			);
			dependencies = (
				671AF5F225C4059A009462D9 /* PBXTargetDependency */,
			);
			name = TraingleDemoUITests;
			productName = TraingleDemoUITests;
			productReference = 671AF5F025C4059A009462D9 /* TraingleDemoUITests.xctest */;
			productType = "com.apple.product-type.bundle.ui-testing";
		};
/* End PBXNativeTarget section */

/* Begin PBXProject section */
		671AF5C225C40598009462D9 /* Project object */ = {
			isa = PBXProject;
			attributes = {
				LastUpgradeCheck = 1240;
				TargetAttributes = {
					671AF5C925C40598009462D9 = {
						CreatedOnToolsVersion = 12.4;
					};
					671AF5E425C4059A009462D9 = {
						CreatedOnToolsVersion = 12.4;
						TestTargetID = 671AF5C925C40598009462D9;
					};
					671AF5EF25C4059A009462D9 = {
						CreatedOnToolsVersion = 12.4;
						TestTargetID = 671AF5C925C40598009462D9;
					};
				};
			};
			buildConfigurationList = 671AF5C525C40598009462D9 /* Build configuration list for PBXProject "TraingleDemo" */;
			compatibilityVersion = "Xcode 9.3";
			developmentRegion = en;
			hasScannedForEncodings = 0;
			knownRegions = (
				en,
				Base,
			);
			mainGroup = 671AF5C125C40598009462D9;
			productRefGroup = 671AF5CB25C40598009462D9 /* Products */;
			projectDirPath = "";
			projectRoot = "";
			targets = (
				671AF5C925C40598009462D9 /* TraingleDemo */,
				671AF5E425C4059A009462D9 /* TraingleDemoTests */,
				671AF5EF25C4059A009462D9 /* TraingleDemoUITests */,
			);
		};
/* End PBXProject section */

/* Begin PBXResourcesBuildPhase section */
		671AF5C825C40598009462D9 /* Resources */ = {
			isa = PBXResourcesBuildPhase;
			buildActionMask = 2147483647;
			files = (
				671AF5DD25C4059A009462D9 /* LaunchScreen.storyboard in Resources */,
				671AF5DA25C4059A009462D9 /* Assets.xcassets in Resources */,
				671AF5D825C40598009462D9 /* Main.storyboard in Resources */,
			);
			runOnlyForDeploymentPostprocessing = 0;
		};
		671AF5E325C4059A009462D9 /* Resources */ = {
			isa = PBXResourcesBuildPhase;
			buildActionMask = 2147483647;
			files = (
			);
			runOnlyForDeploymentPostprocessing = 0;
		};
		671AF5EE25C4059A009462D9 /* Resources */ = {
			isa = PBXResourcesBuildPhase;
			buildActionMask = 2147483647;
			files = (
			);
			runOnlyForDeploymentPostprocessing = 0;
		};
/* End PBXResourcesBuildPhase section */

/* Begin PBXSourcesBuildPhase section */
		671AF5C625C40598009462D9 /* Sources */ = {
			isa = PBXSourcesBuildPhase;
			buildActionMask = 2147483647;
			files = (
				671AF5D525C40598009462D9 /* ViewController.m in Sources */,
				671AF5CF25C40598009462D9 /* AppDelegate.m in Sources */,
				671AF61E25C5A8A0009462D9 /* OpenGLViewController.m in Sources */,
				671AF5E025C4059A009462D9 /* main.m in Sources */,
			);
			runOnlyForDeploymentPostprocessing = 0;
		};
		671AF5E125C4059A009462D9 /* Sources */ = {
			isa = PBXSourcesBuildPhase;
			buildActionMask = 2147483647;
			files = (
				671AF5EA25C4059A009462D9 /* TraingleDemoTests.m in Sources */,
			);
			runOnlyForDeploymentPostprocessing = 0;
		};
		671AF5EC25C4059A009462D9 /* Sources */ = {
			isa = PBXSourcesBuildPhase;
			buildActionMask = 2147483647;
			files = (
				671AF5F525C4059A009462D9 /* TraingleDemoUITests.m in Sources */,
			);
			runOnlyForDeploymentPostprocessing = 0;
		};
/* End PBXSourcesBuildPhase section */

/* Begin PBXTargetDependency section */
		671AF5E725C4059A009462D9 /* PBXTargetDependency */ = {
			isa = PBXTargetDependency;
			target = 671AF5C925C40598009462D9 /* TraingleDemo */;
			targetProxy = 671AF5E625C4059A009462D9 /* PBXContainerItemProxy */;
		};
		671AF5F225C4059A009462D9 /* PBXTargetDependency */ = {
			isa = PBXTargetDependency;
			target = 671AF5C925C40598009462D9 /* TraingleDemo */;
			targetProxy = 671AF5F125C4059A009462D9 /* PBXContainerItemProxy */;
		};
/* End PBXTargetDependency section */

/* Begin PBXVariantGroup section */
		671AF5D625C40598009462D9 /* Main.storyboard */ = {
			isa = PBXVariantGroup;
			children = (
				671AF5D725C40598009462D9 /* Base */,
			);
			name = Main.storyboard;
			sourceTree = "<group>";
		};
		671AF5DB25C4059A009462D9 /* LaunchScreen.storyboard */ = {
			isa = PBXVariantGroup;
			children = (
				671AF5DC25C4059A009462D9 /* Base */,
			);
			name = LaunchScreen.storyboard;
			sourceTree = "<group>";
		};
/* End PBXVariantGroup section */

/* Begin XCBuildConfiguration section */
		671AF5F725C4059A009462D9 /* Debug */ = {
			isa = XCBuildConfiguration;
			buildSettings = {
				ALWAYS_SEARCH_USER_PATHS = NO;
				CLANG_ANALYZER_NONNULL = YES;
				CLANG_ANALYZER_NUMBER_OBJECT_CONVERSION = YES_AGGRESSIVE;
				CLANG_CXX_LANGUAGE_STANDARD = "gnu++14";
				CLANG_CXX_LIBRARY = "libc++";
				CLANG_ENABLE_MODULES = YES;
				CLANG_ENABLE_OBJC_ARC = YES;
				CLANG_ENABLE_OBJC_WEAK = YES;
				CLANG_WARN_BLOCK_CAPTURE_AUTORELEASING = YES;
				CLANG_WARN_BOOL_CONVERSION = YES;
				CLANG_WARN_COMMA = YES;
				CLANG_WARN_CONSTANT_CONVERSION = YES;
				CLANG_WARN_DEPRECATED_OBJC_IMPLEMENTATIONS = YES;
				CLANG_WARN_DIRECT_OBJC_ISA_USAGE = YES_ERROR;
				CLANG_WARN_DOCUMENTATION_COMMENTS = YES;
				CLANG_WARN_EMPTY_BODY = YES;
				CLANG_WARN_ENUM_CONVERSION = YES;
				CLANG_WARN_INFINITE_RECURSION = YES;
				CLANG_WARN_INT_CONVERSION = YES;
				CLANG_WARN_NON_LITERAL_NULL_CONVERSION = YES;
				CLANG_WARN_OBJC_IMPLICIT_RETAIN_SELF = YES;
				CLANG_WARN_OBJC_LITERAL_CONVERSION = YES;
				CLANG_WARN_OBJC_ROOT_CLASS = YES_ERROR;
				CLANG_WARN_QUOTED_INCLUDE_IN_FRAMEWORK_HEADER = YES;
				CLANG_WARN_RANGE_LOOP_ANALYSIS = YES;
				CLANG_WARN_STRICT_PROTOTYPES = YES;
				CLANG_WARN_SUSPICIOUS_MOVE = YES;
				CLANG_WARN_UNGUARDED_AVAILABILITY = YES_AGGRESSIVE;
				CLANG_WARN_UNREACHABLE_CODE = YES;
				CLANG_WARN__DUPLICATE_METHOD_MATCH = YES;
				COPY_PHASE_STRIP = NO;
				DEBUG_INFORMATION_FORMAT = dwarf;
				ENABLE_STRICT_OBJC_MSGSEND = YES;
				ENABLE_TESTABILITY = YES;
				GCC_C_LANGUAGE_STANDARD = gnu11;
				GCC_DYNAMIC_NO_PIC = NO;
				GCC_NO_COMMON_BLOCKS = YES;
				GCC_OPTIMIZATION_LEVEL = 0;
				GCC_PREPROCESSOR_DEFINITIONS = (
					"DEBUG=1",
					"$(inherited)",
				);
				GCC_WARN_64_TO_32_BIT_CONVERSION = YES;
				GCC_WARN_ABOUT_RETURN_TYPE = YES_ERROR;
				GCC_WARN_UNDECLARED_SELECTOR = YES;
				GCC_WARN_UNINITIALIZED_AUTOS = YES_AGGRESSIVE;
				GCC_WARN_UNUSED_FUNCTION = YES;
				GCC_WARN_UNUSED_VARIABLE = YES;
				IPHONEOS_DEPLOYMENT_TARGET = 14.4;
				MTL_ENABLE_DEBUG_INFO = INCLUDE_SOURCE;
				MTL_FAST_MATH = YES;
				ONLY_ACTIVE_ARCH = YES;
				SDKROOT = iphoneos;
			};
			name = Debug;
		};
		671AF5F825C4059A009462D9 /* Release */ = {
			isa = XCBuildConfiguration;
			buildSettings = {
				ALWAYS_SEARCH_USER_PATHS = NO;
				CLANG_ANALYZER_NONNULL = YES;
				CLANG_ANALYZER_NUMBER_OBJECT_CONVERSION = YES_AGGRESSIVE;
				CLANG_CXX_LANGUAGE_STANDARD = "gnu++14";
				CLANG_CXX_LIBRARY = "libc++";
				CLANG_ENABLE_MODULES = YES;
				CLANG_ENABLE_OBJC_ARC = YES;
				CLANG_ENABLE_OBJC_WEAK = YES;
				CLANG_WARN_BLOCK_CAPTURE_AUTORELEASING = YES;
				CLANG_WARN_BOOL_CONVERSION = YES;
				CLANG_WARN_COMMA = YES;
				CLANG_WARN_CONSTANT_CONVERSION = YES;
				CLANG_WARN_DEPRECATED_OBJC_IMPLEMENTATIONS = YES;
				CLANG_WARN_DIRECT_OBJC_ISA_USAGE = YES_ERROR;
				CLANG_WARN_DOCUMENTATION_COMMENTS = YES;
				CLANG_WARN_EMPTY_BODY = YES;
				CLANG_WARN_ENUM_CONVERSION = YES;
				CLANG_WARN_INFINITE_RECURSION = YES;
				CLANG_WARN_INT_CONVERSION = YES;
				CLANG_WARN_NON_LITERAL_NULL_CONVERSION = YES;
				CLANG_WARN_OBJC_IMPLICIT_RETAIN_SELF = YES;
				CLANG_WARN_OBJC_LITERAL_CONVERSION = YES;
				CLANG_WARN_OBJC_ROOT_CLASS = YES_ERROR;
				CLANG_WARN_QUOTED_INCLUDE_IN_FRAMEWORK_HEADER = YES;
				CLANG_WARN_RANGE_LOOP_ANALYSIS = YES;
				CLANG_WARN_STRICT_PROTOTYPES = YES;
				CLANG_WARN_SUSPICIOUS_MOVE = YES;
				CLANG_WARN_UNGUARDED_AVAILABILITY = YES_AGGRESSIVE;
				CLANG_WARN_UNREACHABLE_CODE = YES;
				CLANG_WARN__DUPLICATE_METHOD_MATCH = YES;
				COPY_PHASE_STRIP = NO;
				DEBUG_INFORMATION_FORMAT = "dwarf-with-dsym";
				ENABLE_NS_ASSERTIONS = NO;
				ENABLE_STRICT_OBJC_MSGSEND = YES;
				GCC_C_LANGUAGE_STANDARD = gnu11;
				GCC_NO_COMMON_BLOCKS = YES;
				GCC_WARN_64_TO_32_BIT_CONVERSION = YES;
				GCC_WARN_ABOUT_RETURN_TYPE = YES_ERROR;
				GCC_WARN_UNDECLARED_SELECTOR = YES;
				GCC_WARN_UNINITIALIZED_AUTOS = YES_AGGRESSIVE;
				GCC_WARN_UNUSED_FUNCTION = YES;
				GCC_WARN_UNUSED_VARIABLE = YES;
				IPHONEOS_DEPLOYMENT_TARGET = 14.4;
				MTL_ENABLE_DEBUG_INFO = NO;
				MTL_FAST_MATH = YES;
				SDKROOT = iphoneos;
				VALIDATE_PRODUCT = YES;
			};
			name = Release;
		};
		671AF5FA25C4059A009462D9 /* Debug */ = {
			isa = XCBuildConfiguration;
			buildSettings = {
				ASSETCATALOG_COMPILER_APPICON_NAME = AppIcon;
				ASSETCATALOG_COMPILER_GLOBAL_ACCENT_COLOR_NAME = AccentColor;
				CODE_SIGN_STYLE = Automatic;
				DEVELOPMENT_TEAM = 5M6E5C22VG;
				INFOPLIST_FILE = TraingleDemo/Info.plist;
				IPHONEOS_DEPLOYMENT_TARGET = 10.1;
				LD_RUNPATH_SEARCH_PATHS = (
					"$(inherited)",
					"@executable_path/Frameworks",
				);
				PRODUCT_BUNDLE_IDENTIFIER = xwc.TraingleDemo;
				PRODUCT_NAME = "$(TARGET_NAME)";
				TARGETED_DEVICE_FAMILY = "1,2";
			};
			name = Debug;
		};
		671AF5FB25C4059A009462D9 /* Release */ = {
			isa = XCBuildConfiguration;
			buildSettings = {
				ASSETCATALOG_COMPILER_APPICON_NAME = AppIcon;
				ASSETCATALOG_COMPILER_GLOBAL_ACCENT_COLOR_NAME = AccentColor;
				CODE_SIGN_STYLE = Automatic;
				DEVELOPMENT_TEAM = 5M6E5C22VG;
				INFOPLIST_FILE = TraingleDemo/Info.plist;
				IPHONEOS_DEPLOYMENT_TARGET = 10.1;
				LD_RUNPATH_SEARCH_PATHS = (
					"$(inherited)",
					"@executable_path/Frameworks",
				);
				PRODUCT_BUNDLE_IDENTIFIER = xwc.TraingleDemo;
				PRODUCT_NAME = "$(TARGET_NAME)";
				TARGETED_DEVICE_FAMILY = "1,2";
			};
			name = Release;
		};
		671AF5FD25C4059A009462D9 /* Debug */ = {
			isa = XCBuildConfiguration;
			buildSettings = {
				BUNDLE_LOADER = "$(TEST_HOST)";
				CODE_SIGN_STYLE = Automatic;
				DEVELOPMENT_TEAM = 5M6E5C22VG;
				INFOPLIST_FILE = TraingleDemoTests/Info.plist;
				IPHONEOS_DEPLOYMENT_TARGET = 14.4;
				LD_RUNPATH_SEARCH_PATHS = (
					"$(inherited)",
					"@executable_path/Frameworks",
					"@loader_path/Frameworks",
				);
				PRODUCT_BUNDLE_IDENTIFIER = xwc.TraingleDemoTests;
				PRODUCT_NAME = "$(TARGET_NAME)";
				TARGETED_DEVICE_FAMILY = "1,2";
				TEST_HOST = "$(BUILT_PRODUCTS_DIR)/TraingleDemo.app/TraingleDemo";
			};
			name = Debug;
		};
		671AF5FE25C4059A009462D9 /* Release */ = {
			isa = XCBuildConfiguration;
			buildSettings = {
				BUNDLE_LOADER = "$(TEST_HOST)";
				CODE_SIGN_STYLE = Automatic;
				DEVELOPMENT_TEAM = 5M6E5C22VG;
				INFOPLIST_FILE = TraingleDemoTests/Info.plist;
				IPHONEOS_DEPLOYMENT_TARGET = 14.4;
				LD_RUNPATH_SEARCH_PATHS = (
					"$(inherited)",
					"@executable_path/Frameworks",
					"@loader_path/Frameworks",
				);
				PRODUCT_BUNDLE_IDENTIFIER = xwc.TraingleDemoTests;
				PRODUCT_NAME = "$(TARGET_NAME)";
				TARGETED_DEVICE_FAMILY = "1,2";
				TEST_HOST = "$(BUILT_PRODUCTS_DIR)/TraingleDemo.app/TraingleDemo";
			};
			name = Release;
		};
		671AF60025C4059A009462D9 /* Debug */ = {
			isa = XCBuildConfiguration;
			buildSettings = {
				CODE_SIGN_STYLE = Automatic;
				DEVELOPMENT_TEAM = 5M6E5C22VG;
				INFOPLIST_FILE = TraingleDemoUITests/Info.plist;
				LD_RUNPATH_SEARCH_PATHS = (
					"$(inherited)",
					"@executable_path/Frameworks",
					"@loader_path/Frameworks",
				);
				PRODUCT_BUNDLE_IDENTIFIER = xwc.TraingleDemoUITests;
				PRODUCT_NAME = "$(TARGET_NAME)";
				TARGETED_DEVICE_FAMILY = "1,2";
				TEST_TARGET_NAME = TraingleDemo;
			};
			name = Debug;
		};
		671AF60125C4059A009462D9 /* Release */ = {
			isa = XCBuildConfiguration;
			buildSettings = {
				CODE_SIGN_STYLE = Automatic;
				DEVELOPMENT_TEAM = 5M6E5C22VG;
				INFOPLIST_FILE = TraingleDemoUITests/Info.plist;
				LD_RUNPATH_SEARCH_PATHS = (
					"$(inherited)",
					"@executable_path/Frameworks",
					"@loader_path/Frameworks",
				);
				PRODUCT_BUNDLE_IDENTIFIER = xwc.TraingleDemoUITests;
				PRODUCT_NAME = "$(TARGET_NAME)";
				TARGETED_DEVICE_FAMILY = "1,2";
				TEST_TARGET_NAME = TraingleDemo;
			};
			name = Release;
		};
/* End XCBuildConfiguration section */

/* Begin XCConfigurationList section */
		671AF5C525C40598009462D9 /* Build configuration list for PBXProject "TraingleDemo" */ = {
			isa = XCConfigurationList;
			buildConfigurations = (
				671AF5F725C4059A009462D9 /* Debug */,
				671AF5F825C4059A009462D9 /* Release */,
			);
			defaultConfigurationIsVisible = 0;
			defaultConfigurationName = Release;
		};
		671AF5F925C4059A009462D9 /* Build configuration list for PBXNativeTarget "TraingleDemo" */ = {
			isa = XCConfigurationList;
			buildConfigurations = (
				671AF5FA25C4059A009462D9 /* Debug */,
				671AF5FB25C4059A009462D9 /* Release */,
			);
			defaultConfigurationIsVisible = 0;
			defaultConfigurationName = Release;
		};
		671AF5FC25C4059A009462D9 /* Build configuration list for PBXNativeTarget "TraingleDemoTests" */ = {
			isa = XCConfigurationList;
			buildConfigurations = (
				671AF5FD25C4059A009462D9 /* Debug */,
				671AF5FE25C4059A009462D9 /* Release */,
			);
			defaultConfigurationIsVisible = 0;
			defaultConfigurationName = Release;
		};
		671AF5FF25C4059A009462D9 /* Build configuration list for PBXNativeTarget "TraingleDemoUITests" */ = {
			isa = XCConfigurationList;
			buildConfigurations = (
				671AF60025C4059A009462D9 /* Debug */,
				671AF60125C4059A009462D9 /* Release */,
			);
			defaultConfigurationIsVisible = 0;
			defaultConfigurationName = Release;
		};
/* End XCConfigurationList section */
	};
	rootObject = 671AF5C225C40598009462D9 /* Project object */;
}
